
Microsoft Visual Studio Solution File, Format Version 12.00
# Visual Studio Version 16
VisualStudioVersion = 16.0.29509.3
MinimumVisualStudioVersion = 10.0.40219.1
Project("{888888A0-9F3D-457C-B088-3A5042F75D52}") = "BundesLeague", "BundesLeague\BundesLeague.pyproj", "{0AAA6AE4-A5F7-40BF-9FCE-68F24EF659F5}"
EndProject
Global
	GlobalSection(SolutionConfigurationPlatforms) = preSolution
		Debug|Any CPU = Debug|Any CPU
		Release|Any CPU = Release|Any CPU
	EndGlobalSection
	GlobalSection(ProjectConfigurationPlatforms) = postSolution
		{0AAA6AE4-A5F7-40BF-9FCE-68F24EF659F5}.Debug|Any CPU.ActiveCfg = Debug|Any CPU
		{0AAA6AE4-A5F7-40BF-9FCE-68F24EF659F5}.Release|Any CPU.ActiveCfg = Release|Any CPU
	EndGlobalSection
	GlobalSection(SolutionProperties) = preSolution
		HideSolutionNode = FALSE
	EndGlobalSection
	GlobalSection(ExtensibilityGlobals) = postSolution
		SolutionGuid = {D326D88C-31F3-41C2-BFC5-E2399B6F6849}
	EndGlobalSection
EndGlobal
